
Microsoft Visual Studio Solution File, Format Version 12.00
# Visual Studio 2017
Project("{FAE04EC0-301F-11D3-BF4B-00C04F79EFBC}") = "NeuralNetworkPathfinding", "NeuralNetworkPathfinding.csproj", "{C7F187F7-B4D1-30C2-1641-7D57FFB6F142}"
EndProject
Global
	GlobalSection(SolutionConfigurationPlatforms) = preSolution
		Debug|Any CPU = Debug|Any CPU
		Release|Any CPU = Release|Any CPU
	EndGlobalSection
	GlobalSection(ProjectConfigurationPlatforms) = postSolution
		{C7F187F7-B4D1-30C2-1641-7D57FFB6F142}.Debug|Any CPU.ActiveCfg = Debug|Any CPU
		{C7F187F7-B4D1-30C2-1641-7D57FFB6F142}.Debug|Any CPU.Build.0 = Debug|Any CPU
		{C7F187F7-B4D1-30C2-1641-7D57FFB6F142}.Release|Any CPU.ActiveCfg = Release|Any CPU
		{C7F187F7-B4D1-30C2-1641-7D57FFB6F142}.Release|Any CPU.Build.0 = Release|Any CPU
	EndGlobalSection
	GlobalSection(SolutionProperties) = preSolution
		HideSolutionNode = FALSE
	EndGlobalSection
EndGlobal
